
Microsoft Visual Studio Solution File, Format Version 12.00
# Visual Studio Version 17
VisualStudioVersion = 17.5.33516.290
MinimumVisualStudioVersion = 10.0.40219.1
Project("{FAE04EC0-301F-11D3-BF4B-00C04F79EFBC}") = "razor-pages", "src\razor-pages\razor-pages.csproj", "{38AD87E4-A3F4-4B46-8676-0E8BBB643919}"
EndProject
Global
	GlobalSection(SolutionConfigurationPlatforms) = preSolution
		Debug|Any CPU = Debug|Any CPU
		Release|Any CPU = Release|Any CPU
	EndGlobalSection
	GlobalSection(ProjectConfigurationPlatforms) = postSolution
		{38AD87E4-A3F4-4B46-8676-0E8BBB643919}.Debug|Any CPU.ActiveCfg = Debug|Any CPU
		{38AD87E4-A3F4-4B46-8676-0E8BBB643919}.Debug|Any CPU.Build.0 = Debug|Any CPU
		{38AD87E4-A3F4-4B46-8676-0E8BBB643919}.Release|Any CPU.ActiveCfg = Release|Any CPU
		{38AD87E4-A3F4-4B46-8676-0E8BBB643919}.Release|Any CPU.Build.0 = Release|Any CPU
	EndGlobalSection
	GlobalSection(SolutionProperties) = preSolution
		HideSolutionNode = FALSE
	EndGlobalSection
	GlobalSection(ExtensibilityGlobals) = postSolution
		SolutionGuid = {749C7323-D506-44B6-861F-00E8BD92FA3C}
	EndGlobalSection
EndGlobal
